
Microsoft Visual Studio Solution File, Format Version 12.00
# Visual Studio Version 17
VisualStudioVersion = 17.3.32819.101
MinimumVisualStudioVersion = 10.0.40219.1
Project("{FAE04EC0-301F-11D3-BF4B-00C04F79EFBC}") = "PuntoLaLuz", "PuntoLaLuz\PuntoLaLuz.csproj", "{7188179E-CA72-4112-B16F-C3F3018FAA16}"
EndProject
Global
	GlobalSection(SolutionConfigurationPlatforms) = preSolution
		Debug|Any CPU = Debug|Any CPU
		Release|Any CPU = Release|Any CPU
	EndGlobalSection
	GlobalSection(ProjectConfigurationPlatforms) = postSolution
		{7188179E-CA72-4112-B16F-C3F3018FAA16}.Debug|Any CPU.ActiveCfg = Debug|Any CPU
		{7188179E-CA72-4112-B16F-C3F3018FAA16}.Debug|Any CPU.Build.0 = Debug|Any CPU
		{7188179E-CA72-4112-B16F-C3F3018FAA16}.Release|Any CPU.ActiveCfg = Release|Any CPU
		{7188179E-CA72-4112-B16F-C3F3018FAA16}.Release|Any CPU.Build.0 = Release|Any CPU
	EndGlobalSection
	GlobalSection(SolutionProperties) = preSolution
		HideSolutionNode = FALSE
	EndGlobalSection
	GlobalSection(ExtensibilityGlobals) = postSolution
		SolutionGuid = {078A205D-CC7C-45A5-B413-6E3742930144}
	EndGlobalSection
EndGlobal
